
Microsoft Visual Studio Solution File, Format Version 12.00
# Visual Studio 15
VisualStudioVersion = 15.0.27130.2010
MinimumVisualStudioVersion = 10.0.40219.1
Project("{FAE04EC0-301F-11D3-BF4B-00C04F79EFBC}") = "CSVandSQLite", "csvdb\CSVandSQLite.csproj", "{D00FF588-E641-457C-964D-37315C56C295}"
EndProject
Global
	GlobalSection(SolutionConfigurationPlatforms) = preSolution
		Debug|Any CPU = Debug|Any CPU
		Release|Any CPU = Release|Any CPU
	EndGlobalSection
	GlobalSection(ProjectConfigurationPlatforms) = postSolution
		{D00FF588-E641-457C-964D-37315C56C295}.Debug|Any CPU.ActiveCfg = Debug|Any CPU
		{D00FF588-E641-457C-964D-37315C56C295}.Debug|Any CPU.Build.0 = Debug|Any CPU
		{D00FF588-E641-457C-964D-37315C56C295}.Release|Any CPU.ActiveCfg = Release|Any CPU
		{D00FF588-E641-457C-964D-37315C56C295}.Release|Any CPU.Build.0 = Release|Any CPU
	EndGlobalSection
	GlobalSection(SolutionProperties) = preSolution
		HideSolutionNode = FALSE
	EndGlobalSection
	GlobalSection(ExtensibilityGlobals) = postSolution
		SolutionGuid = {3FCA5ECA-93A6-48E5-92FF-A5D5EC3F04A4}
	EndGlobalSection
EndGlobal
